// !$*UTF8*$!
{
	archiveVersion = 1;
	classes = {
	};
	objectVersion = 46;
	objects = {

/* Begin PBXBuildFile section */
		D2FC2F6D1875C8C900E23306 /* Foundation.framework in Frameworks */ = {isa = PBXBuildFile; fileRef = D2FC2F6C1875C8C900E23306 /* Foundation.framework */; };
		D2FC2F6F1875C8C900E23306 /* CoreGraphics.framework in Frameworks */ = {isa = PBXBuildFile; fileRef = D2FC2F6E1875C8C900E23306 /* CoreGraphics.framework */; };
		D2FC2F711875C8C900E23306 /* UIKit.framework in Frameworks */ = {isa = PBXBuildFile; fileRef = D2FC2F701875C8C900E23306 /* UIKit.framework */; };
		D2FC2F771875C8C900E23306 /* InfoPlist.strings in Resources */ = {isa = PBXBuildFile; fileRef = D2FC2F751875C8C900E23306 /* InfoPlist.strings */; };
		D2FC2F791875C8C900E23306 /* main.m in Sources */ = {isa = PBXBuildFile; fileRef = D2FC2F781875C8C900E23306 /* main.m */; };
		D2FC2F7D1875C8C900E23306 /* AppDelegate.m in Sources */ = {isa = PBXBuildFile; fileRef = D2FC2F7C1875C8C900E23306 /* AppDelegate.m */; };
		D2FC2F801875C8C900E23306 /* Main.storyboard in Resources */ = {isa = PBXBuildFile; fileRef = D2FC2F7E1875C8C900E23306 /* Main.storyboard */; };
		D2FC2F831875C8C900E23306 /* ViewController.m in Sources */ = {isa = PBXBuildFile; fileRef = D2FC2F821875C8C900E23306 /* ViewController.m */; };
		D2FC2F851875C8C900E23306 /* Images.xcassets in Resources */ = {isa = PBXBuildFile; fileRef = D2FC2F841875C8C900E23306 /* Images.xcassets */; };
		D2FC2F8C1875C8CA00E23306 /* XCTest.framework in Frameworks */ = {isa = PBXBuildFile; fileRef = D2FC2F8B1875C8CA00E23306 /* XCTest.framework */; };
		D2FC2F8D1875C8CA00E23306 /* Foundation.framework in Frameworks */ = {isa = PBXBuildFile; fileRef = D2FC2F6C1875C8C900E23306 /* Foundation.framework */; };
		D2FC2F8E1875C8CA00E23306 /* UIKit.framework in Frameworks */ = {isa = PBXBuildFile; fileRef = D2FC2F701875C8C900E23306 /* UIKit.framework */; };
		D2FC2F961875C8CA00E23306 /* InfoPlist.strings in Resources */ = {isa = PBXBuildFile; fileRef = D2FC2F941875C8CA00E23306 /* InfoPlist.strings */; };
		D2FC2F981875C8CA00E23306 /* iPadTestTests.m in Sources */ = {isa = PBXBuildFile; fileRef = D2FC2F971875C8CA00E23306 /* iPadTestTests.m */; };
		D2FC2FA31875C91800E23306 /* TableViewController.m in Sources */ = {isa = PBXBuildFile; fileRef = D2FC2FA21875C91800E23306 /* TableViewController.m */; };
		D2FC2FA61875CBFD00E23306 /* EditableTableViewCell.m in Sources */ = {isa = PBXBuildFile; fileRef = D2FC2FA51875CBFD00E23306 /* EditableTableViewCell.m */; };
/* End PBXBuildFile section */

/* Begin PBXContainerItemProxy section */
		D2FC2F8F1875C8CA00E23306 /* PBXContainerItemProxy */ = {
			isa = PBXContainerItemProxy;
			containerPortal = D2FC2F611875C8C900E23306 /* Project object */;
			proxyType = 1;
			remoteGlobalIDString = D2FC2F681875C8C900E23306;
			remoteInfo = iPadTest;
		};
/* End PBXContainerItemProxy section */

/* Begin PBXFileReference section */
		D2FC2F691875C8C900E23306 /* EditableTableCells.app */ = {isa = PBXFileReference; explicitFileType = wrapper.application; includeInIndex = 0; path = EditableTableCells.app; sourceTree = BUILT_PRODUCTS_DIR; };
		D2FC2F6C1875C8C900E23306 /* Foundation.framework */ = {isa = PBXFileReference; lastKnownFileType = wrapper.framework; name = Foundation.framework; path = System/Library/Frameworks/Foundation.framework; sourceTree = SDKROOT; };
		D2FC2F6E1875C8C900E23306 /* CoreGraphics.framework */ = {isa = PBXFileReference; lastKnownFileType = wrapper.framework; name = CoreGraphics.framework; path = System/Library/Frameworks/CoreGraphics.framework; sourceTree = SDKROOT; };
		D2FC2F701875C8C900E23306 /* UIKit.framework */ = {isa = PBXFileReference; lastKnownFileType = wrapper.framework; name = UIKit.framework; path = System/Library/Frameworks/UIKit.framework; sourceTree = SDKROOT; };
		D2FC2F741875C8C900E23306 /* EditableTableCells-Info.plist */ = {isa = PBXFileReference; lastKnownFileType = text.plist.xml; path = "EditableTableCells-Info.plist"; sourceTree = "<group>"; };
		D2FC2F761875C8C900E23306 /* en */ = {isa = PBXFileReference; lastKnownFileType = text.plist.strings; name = en; path = en.lproj/InfoPlist.strings; sourceTree = "<group>"; };
		D2FC2F781875C8C900E23306 /* main.m */ = {isa = PBXFileReference; lastKnownFileType = sourcecode.c.objc; path = main.m; sourceTree = "<group>"; };
		D2FC2F7A1875C8C900E23306 /* EditableTableCells-Prefix.pch */ = {isa = PBXFileReference; lastKnownFileType = sourcecode.c.h; path = "EditableTableCells-Prefix.pch"; sourceTree = "<group>"; };
		D2FC2F7B1875C8C900E23306 /* AppDelegate.h */ = {isa = PBXFileReference; lastKnownFileType = sourcecode.c.h; path = AppDelegate.h; sourceTree = "<group>"; };
		D2FC2F7C1875C8C900E23306 /* AppDelegate.m */ = {isa = PBXFileReference; lastKnownFileType = sourcecode.c.objc; path = AppDelegate.m; sourceTree = "<group>"; };
		D2FC2F7F1875C8C900E23306 /* Base */ = {isa = PBXFileReference; lastKnownFileType = file.storyboard; name = Base; path = Base.lproj/Main.storyboard; sourceTree = "<group>"; };
		D2FC2F811875C8C900E23306 /* ViewController.h */ = {isa = PBXFileReference; lastKnownFileType = sourcecode.c.h; path = ViewController.h; sourceTree = "<group>"; };
		D2FC2F821875C8C900E23306 /* ViewController.m */ = {isa = PBXFileReference; lastKnownFileType = sourcecode.c.objc; path = ViewController.m; sourceTree = "<group>"; };
		D2FC2F841875C8C900E23306 /* Images.xcassets */ = {isa = PBXFileReference; lastKnownFileType = folder.assetcatalog; path = Images.xcassets; sourceTree = "<group>"; };
		D2FC2F8A1875C8CA00E23306 /* EditableTableCellsTests.xctest */ = {isa = PBXFileReference; explicitFileType = wrapper.cfbundle; includeInIndex = 0; path = EditableTableCellsTests.xctest; sourceTree = BUILT_PRODUCTS_DIR; };
		D2FC2F8B1875C8CA00E23306 /* XCTest.framework */ = {isa = PBXFileReference; lastKnownFileType = wrapper.framework; name = XCTest.framework; path = Library/Frameworks/XCTest.framework; sourceTree = DEVELOPER_DIR; };
		D2FC2F931875C8CA00E23306 /* EditableTableCellsTests-Info.plist */ = {isa = PBXFileReference; lastKnownFileType = text.plist.xml; path = "EditableTableCellsTests-Info.plist"; sourceTree = "<group>"; };
		D2FC2F951875C8CA00E23306 /* en */ = {isa = PBXFileReference; lastKnownFileType = text.plist.strings; name = en; path = en.lproj/InfoPlist.strings; sourceTree = "<group>"; };
		D2FC2F971875C8CA00E23306 /* iPadTestTests.m */ = {isa = PBXFileReference; lastKnownFileType = sourcecode.c.objc; path = iPadTestTests.m; sourceTree = "<group>"; };
		D2FC2FA11875C91800E23306 /* TableViewController.h */ = {isa = PBXFileReference; fileEncoding = 4; lastKnownFileType = sourcecode.c.h; path = TableViewController.h; sourceTree = "<group>"; };
		D2FC2FA21875C91800E23306 /* TableViewController.m */ = {isa = PBXFileReference; fileEncoding = 4; lastKnownFileType = sourcecode.c.objc; path = TableViewController.m; sourceTree = "<group>"; };
		D2FC2FA41875CBFD00E23306 /* EditableTableViewCell.h */ = {isa = PBXFileReference; fileEncoding = 4; lastKnownFileType = sourcecode.c.h; path = EditableTableViewCell.h; sourceTree = "<group>"; };
		D2FC2FA51875CBFD00E23306 /* EditableTableViewCell.m */ = {isa = PBXFileReference; fileEncoding = 4; lastKnownFileType = sourcecode.c.objc; path = EditableTableViewCell.m; sourceTree = "<group>"; };
/* End PBXFileReference section */

/* Begin PBXFrameworksBuildPhase section */
		D2FC2F661875C8C900E23306 /* Frameworks */ = {
			isa = PBXFrameworksBuildPhase;
			buildActionMask = 2147483647;
			files = (
				D2FC2F6F1875C8C900E23306 /* CoreGraphics.framework in Frameworks */,
				D2FC2F711875C8C900E23306 /* UIKit.framework in Frameworks */,
				D2FC2F6D1875C8C900E23306 /* Foundation.framework in Frameworks */,
			);
			runOnlyForDeploymentPostprocessing = 0;
		};
		D2FC2F871875C8CA00E23306 /* Frameworks */ = {
			isa = PBXFrameworksBuildPhase;
			buildActionMask = 2147483647;
			files = (
				D2FC2F8C1875C8CA00E23306 /* XCTest.framework in Frameworks */,
				D2FC2F8E1875C8CA00E23306 /* UIKit.framework in Frameworks */,
				D2FC2F8D1875C8CA00E23306 /* Foundation.framework in Frameworks */,
			);
			runOnlyForDeploymentPostprocessing = 0;
		};
/* End PBXFrameworksBuildPhase section */

/* Begin PBXGroup section */
		D2FC2F601875C8C900E23306 = {
			isa = PBXGroup;
			children = (
				D2FC2F721875C8C900E23306 /* iPadTest */,
				D2FC2F911875C8CA00E23306 /* iPadTestTests */,
				D2FC2F6B1875C8C900E23306 /* Frameworks */,
				D2FC2F6A1875C8C900E23306 /* Products */,
			);
			sourceTree = "<group>";
		};
		D2FC2F6A1875C8C900E23306 /* Products */ = {
			isa = PBXGroup;
			children = (
				D2FC2F691875C8C900E23306 /* EditableTableCells.app */,
				D2FC2F8A1875C8CA00E23306 /* EditableTableCellsTests.xctest */,
			);
			name = Products;
			sourceTree = "<group>";
		};
		D2FC2F6B1875C8C900E23306 /* Frameworks */ = {
			isa = PBXGroup;
			children = (
				D2FC2F6C1875C8C900E23306 /* Foundation.framework */,
				D2FC2F6E1875C8C900E23306 /* CoreGraphics.framework */,
				D2FC2F701875C8C900E23306 /* UIKit.framework */,
				D2FC2F8B1875C8CA00E23306 /* XCTest.framework */,
			);
			name = Frameworks;
			sourceTree = "<group>";
		};
		D2FC2F721875C8C900E23306 /* iPadTest */ = {
			isa = PBXGroup;
			children = (
				D2FC2F7B1875C8C900E23306 /* AppDelegate.h */,
				D2FC2F7C1875C8C900E23306 /* AppDelegate.m */,
				D2FC2F7E1875C8C900E23306 /* Main.storyboard */,
				D2FC2F811875C8C900E23306 /* ViewController.h */,
				D2FC2F821875C8C900E23306 /* ViewController.m */,
				D2FC2FA11875C91800E23306 /* TableViewController.h */,
				D2FC2FA21875C91800E23306 /* TableViewController.m */,
				D2FC2FA41875CBFD00E23306 /* EditableTableViewCell.h */,
				D2FC2FA51875CBFD00E23306 /* EditableTableViewCell.m */,
				D2FC2F841875C8C900E23306 /* Images.xcassets */,
				D2FC2F731875C8C900E23306 /* Supporting Files */,
			);
			path = iPadTest;
			sourceTree = "<group>";
		};
		D2FC2F731875C8C900E23306 /* Supporting Files */ = {
			isa = PBXGroup;
			children = (
				D2FC2F741875C8C900E23306 /* EditableTableCells-Info.plist */,
				D2FC2F751875C8C900E23306 /* InfoPlist.strings */,
				D2FC2F781875C8C900E23306 /* main.m */,
				D2FC2F7A1875C8C900E23306 /* EditableTableCells-Prefix.pch */,
			);
			name = "Supporting Files";
			sourceTree = "<group>";
		};
		D2FC2F911875C8CA00E23306 /* iPadTestTests */ = {
			isa = PBXGroup;
			children = (
				D2FC2F971875C8CA00E23306 /* iPadTestTests.m */,
				D2FC2F921875C8CA00E23306 /* Supporting Files */,
			);
			path = iPadTestTests;
			sourceTree = "<group>";
		};
		D2FC2F921875C8CA00E23306 /* Supporting Files */ = {
			isa = PBXGroup;
			children = (
				D2FC2F931875C8CA00E23306 /* EditableTableCellsTests-Info.plist */,
				D2FC2F941875C8CA00E23306 /* InfoPlist.strings */,
			);
			name = "Supporting Files";
			sourceTree = "<group>";
		};
/* End PBXGroup section */

/* Begin PBXNativeTarget section */
		D2FC2F681875C8C900E23306 /* EditableTableCells */ = {
			isa = PBXNativeTarget;
			buildConfigurationList = D2FC2F9B1875C8CA00E23306 /* Build configuration list for PBXNativeTarget "EditableTableCells" */;
			buildPhases = (
				D2FC2F651875C8C900E23306 /* Sources */,
				D2FC2F661875C8C900E23306 /* Frameworks */,
				D2FC2F671875C8C900E23306 /* Resources */,
			);
			buildRules = (
			);
			dependencies = (
			);
			name = EditableTableCells;
			productName = iPadTest;
			productReference = D2FC2F691875C8C900E23306 /* EditableTableCells.app */;
			productType = "com.apple.product-type.application";
		};
		D2FC2F891875C8CA00E23306 /* EditableTableCellsTests */ = {
			isa = PBXNativeTarget;
			buildConfigurationList = D2FC2F9E1875C8CA00E23306 /* Build configuration list for PBXNativeTarget "EditableTableCellsTests" */;
			buildPhases = (
				D2FC2F861875C8CA00E23306 /* Sources */,
				D2FC2F871875C8CA00E23306 /* Frameworks */,
				D2FC2F881875C8CA00E23306 /* Resources */,
			);
			buildRules = (
			);
			dependencies = (
				D2FC2F901875C8CA00E23306 /* PBXTargetDependency */,
			);
			name = EditableTableCellsTests;
			productName = iPadTestTests;
			productReference = D2FC2F8A1875C8CA00E23306 /* EditableTableCellsTests.xctest */;
			productType = "com.apple.product-type.bundle.unit-test";
		};
/* End PBXNativeTarget section */

/* Begin PBXProject section */
		D2FC2F611875C8C900E23306 /* Project object */ = {
			isa = PBXProject;
			attributes = {
				LastUpgradeCheck = 0510;
				ORGANIZATIONNAME = "Pinkstone Pictures LLC";
				TargetAttributes = {
					D2FC2F891875C8CA00E23306 = {
						TestTargetID = D2FC2F681875C8C900E23306;
					};
				};
			};
			buildConfigurationList = D2FC2F641875C8C900E23306 /* Build configuration list for PBXProject "EditableTableCells" */;
			compatibilityVersion = "Xcode 3.2";
			developmentRegion = English;
			hasScannedForEncodings = 0;
			knownRegions = (
				en,
				Base,
			);
			mainGroup = D2FC2F601875C8C900E23306;
			productRefGroup = D2FC2F6A1875C8C900E23306 /* Products */;
			projectDirPath = "";
			projectRoot = "";
			targets = (
				D2FC2F681875C8C900E23306 /* EditableTableCells */,
				D2FC2F891875C8CA00E23306 /* EditableTableCellsTests */,
			);
		};
/* End PBXProject section */

/* Begin PBXResourcesBuildPhase section */
		D2FC2F671875C8C900E23306 /* Resources */ = {
			isa = PBXResourcesBuildPhase;
			buildActionMask = 2147483647;
			files = (
				D2FC2F851875C8C900E23306 /* Images.xcassets in Resources */,
				D2FC2F771875C8C900E23306 /* InfoPlist.strings in Resources */,
				D2FC2F801875C8C900E23306 /* Main.storyboard in Resources */,
			);
			runOnlyForDeploymentPostprocessing = 0;
		};
		D2FC2F881875C8CA00E23306 /* Resources */ = {
			isa = PBXResourcesBuildPhase;
			buildActionMask = 2147483647;
			files = (
				D2FC2F961875C8CA00E23306 /* InfoPlist.strings in Resources */,
			);
			runOnlyForDeploymentPostprocessing = 0;
		};
/* End PBXResourcesBuildPhase section */

/* Begin PBXSourcesBuildPhase section */
		D2FC2F651875C8C900E23306 /* Sources */ = {
			isa = PBXSourcesBuildPhase;
			buildActionMask = 2147483647;
			files = (
				D2FC2F831875C8C900E23306 /* ViewController.m in Sources */,
				D2FC2F7D1875C8C900E23306 /* AppDelegate.m in Sources */,
				D2FC2F791875C8C900E23306 /* main.m in Sources */,
				D2FC2FA61875CBFD00E23306 /* EditableTableViewCell.m in Sources */,
				D2FC2FA31875C91800E23306 /* TableViewController.m in Sources */,
			);
			runOnlyForDeploymentPostprocessing = 0;
		};
		D2FC2F861875C8CA00E23306 /* Sources */ = {
			isa = PBXSourcesBuildPhase;
			buildActionMask = 2147483647;
			files = (
				D2FC2F981875C8CA00E23306 /* iPadTestTests.m in Sources */,
			);
			runOnlyForDeploymentPostprocessing = 0;
		};
/* End PBXSourcesBuildPhase section */

/* Begin PBXTargetDependency section */
		D2FC2F901875C8CA00E23306 /* PBXTargetDependency */ = {
			isa = PBXTargetDependency;
			target = D2FC2F681875C8C900E23306 /* EditableTableCells */;
			targetProxy = D2FC2F8F1875C8CA00E23306 /* PBXContainerItemProxy */;
		};
/* End PBXTargetDependency section */

/* Begin PBXVariantGroup section */
		D2FC2F751875C8C900E23306 /* InfoPlist.strings */ = {
			isa = PBXVariantGroup;
			children = (
				D2FC2F761875C8C900E23306 /* en */,
			);
			name = InfoPlist.strings;
			sourceTree = "<group>";
		};
		D2FC2F7E1875C8C900E23306 /* Main.storyboard */ = {
			isa = PBXVariantGroup;
			children = (
				D2FC2F7F1875C8C900E23306 /* Base */,
			);
			name = Main.storyboard;
			sourceTree = "<group>";
		};
		D2FC2F941875C8CA00E23306 /* InfoPlist.strings */ = {
			isa = PBXVariantGroup;
			children = (
				D2FC2F951875C8CA00E23306 /* en */,
			);
			name = InfoPlist.strings;
			sourceTree = "<group>";
		};
/* End PBXVariantGroup section */

/* Begin XCBuildConfiguration section */
		D2FC2F991875C8CA00E23306 /* Debug */ = {
			isa = XCBuildConfiguration;
			buildSettings = {
				ALWAYS_SEARCH_USER_PATHS = NO;
				ARCHS = "$(ARCHS_STANDARD_INCLUDING_64_BIT)";
				CLANG_CXX_LANGUAGE_STANDARD = "gnu++0x";
				CLANG_CXX_LIBRARY = "libc++";
				CLANG_ENABLE_MODULES = YES;
				CLANG_ENABLE_OBJC_ARC = YES;
				CLANG_WARN_BOOL_CONVERSION = YES;
				CLANG_WARN_CONSTANT_CONVERSION = YES;
				CLANG_WARN_DIRECT_OBJC_ISA_USAGE = YES_ERROR;
				CLANG_WARN_EMPTY_BODY = YES;
				CLANG_WARN_ENUM_CONVERSION = YES;
				CLANG_WARN_INT_CONVERSION = YES;
				CLANG_WARN_OBJC_ROOT_CLASS = YES_ERROR;
				CLANG_WARN__DUPLICATE_METHOD_MATCH = YES;
				"CODE_SIGN_IDENTITY[sdk=iphoneos*]" = "iPhone Developer";
				COPY_PHASE_STRIP = NO;
				GCC_C_LANGUAGE_STANDARD = gnu99;
				GCC_DYNAMIC_NO_PIC = NO;
				GCC_OPTIMIZATION_LEVEL = 0;
				GCC_PREPROCESSOR_DEFINITIONS = (
					"DEBUG=1",
					"$(inherited)",
				);
				GCC_SYMBOLS_PRIVATE_EXTERN = NO;
				GCC_WARN_64_TO_32_BIT_CONVERSION = YES;
				GCC_WARN_ABOUT_RETURN_TYPE = YES_ERROR;
				GCC_WARN_UNDECLARED_SELECTOR = YES;
				GCC_WARN_UNINITIALIZED_AUTOS = YES_AGGRESSIVE;
				GCC_WARN_UNUSED_FUNCTION = YES;
				GCC_WARN_UNUSED_VARIABLE = YES;
				IPHONEOS_DEPLOYMENT_TARGET = 7.1;
				ONLY_ACTIVE_ARCH = YES;
				SDKROOT = iphoneos;
				TARGETED_DEVICE_FAMILY = 2;
			};
			name = Debug;
		};
		D2FC2F9A1875C8CA00E23306 /* Release */ = {
			isa = XCBuildConfiguration;
			buildSettings = {
				ALWAYS_SEARCH_USER_PATHS = NO;
				ARCHS = "$(ARCHS_STANDARD_INCLUDING_64_BIT)";
				CLANG_CXX_LANGUAGE_STANDARD = "gnu++0x";
				CLANG_CXX_LIBRARY = "libc++";
				CLANG_ENABLE_MODULES = YES;
				CLANG_ENABLE_OBJC_ARC = YES;
				CLANG_WARN_BOOL_CONVERSION = YES;
				CLANG_WARN_CONSTANT_CONVERSION = YES;
				CLANG_WARN_DIRECT_OBJC_ISA_USAGE = YES_ERROR;
				CLANG_WARN_EMPTY_BODY = YES;
				CLANG_WARN_ENUM_CONVERSION = YES;
				CLANG_WARN_INT_CONVERSION = YES;
				CLANG_WARN_OBJC_ROOT_CLASS = YES_ERROR;
				CLANG_WARN__DUPLICATE_METHOD_MATCH = YES;
				"CODE_SIGN_IDENTITY[sdk=iphoneos*]" = "iPhone Developer";
				COPY_PHASE_STRIP = YES;
				ENABLE_NS_ASSERTIONS = NO;
				GCC_C_LANGUAGE_STANDARD = gnu99;
				GCC_WARN_64_TO_32_BIT_CONVERSION = YES;
				GCC_WARN_ABOUT_RETURN_TYPE = YES_ERROR;
				GCC_WARN_UNDECLARED_SELECTOR = YES;
				GCC_WARN_UNINITIALIZED_AUTOS = YES_AGGRESSIVE;
				GCC_WARN_UNUSED_FUNCTION = YES;
				GCC_WARN_UNUSED_VARIABLE = YES;
				IPHONEOS_DEPLOYMENT_TARGET = 7.1;
				SDKROOT = iphoneos;
				TARGETED_DEVICE_FAMILY = 2;
				VALIDATE_PRODUCT = YES;
			};
			name = Release;
		};
		D2FC2F9C1875C8CA00E23306 /* Debug */ = {
			isa = XCBuildConfiguration;
			buildSettings = {
				ASSETCATALOG_COMPILER_APPICON_NAME = AppIcon;
				ASSETCATALOG_COMPILER_LAUNCHIMAGE_NAME = LaunchImage;
				GCC_PRECOMPILE_PREFIX_HEADER = YES;
				GCC_PREFIX_HEADER = "iPadTest/EditableTableCells-Prefix.pch";
				INFOPLIST_FILE = "iPadTest/EditableTableCells-Info.plist";
				PRODUCT_NAME = EditableTableCells;
				WRAPPER_EXTENSION = app;
			};
			name = Debug;
		};
		D2FC2F9D1875C8CA00E23306 /* Release */ = {
			isa = XCBuildConfiguration;
			buildSettings = {
				ASSETCATALOG_COMPILER_APPICON_NAME = AppIcon;
				ASSETCATALOG_COMPILER_LAUNCHIMAGE_NAME = LaunchImage;
				GCC_PRECOMPILE_PREFIX_HEADER = YES;
				GCC_PREFIX_HEADER = "iPadTest/EditableTableCells-Prefix.pch";
				INFOPLIST_FILE = "iPadTest/EditableTableCells-Info.plist";
				PRODUCT_NAME = EditableTableCells;
				WRAPPER_EXTENSION = app;
			};
			name = Release;
		};
		D2FC2F9F1875C8CA00E23306 /* Debug */ = {
			isa = XCBuildConfiguration;
			buildSettings = {
				ARCHS = "$(ARCHS_STANDARD_INCLUDING_64_BIT)";
				BUNDLE_LOADER = "$(BUILT_PRODUCTS_DIR)/iPadTest.app/iPadTest";
				FRAMEWORK_SEARCH_PATHS = (
					"$(SDKROOT)/Developer/Library/Frameworks",
					"$(inherited)",
					"$(DEVELOPER_FRAMEWORKS_DIR)",
				);
				GCC_PRECOMPILE_PREFIX_HEADER = YES;
				GCC_PREFIX_HEADER = "iPadTest/iPadTest-Prefix.pch";
				GCC_PREPROCESSOR_DEFINITIONS = (
					"DEBUG=1",
					"$(inherited)",
				);
				INFOPLIST_FILE = "iPadTestTests/EditableTableCellsTests-Info.plist";
				PRODUCT_NAME = EditableTableCellsTests;
				TEST_HOST = "$(BUNDLE_LOADER)";
				WRAPPER_EXTENSION = xctest;
			};
			name = Debug;
		};
		D2FC2FA01875C8CA00E23306 /* Release */ = {
			isa = XCBuildConfiguration;
			buildSettings = {
				ARCHS = "$(ARCHS_STANDARD_INCLUDING_64_BIT)";
				BUNDLE_LOADER = "$(BUILT_PRODUCTS_DIR)/iPadTest.app/iPadTest";
				FRAMEWORK_SEARCH_PATHS = (
					"$(SDKROOT)/Developer/Library/Frameworks",
					"$(inherited)",
					"$(DEVELOPER_FRAMEWORKS_DIR)",
				);
				GCC_PRECOMPILE_PREFIX_HEADER = YES;
				GCC_PREFIX_HEADER = "iPadTest/iPadTest-Prefix.pch";
				INFOPLIST_FILE = "iPadTestTests/EditableTableCellsTests-Info.plist";
				PRODUCT_NAME = EditableTableCellsTests;
				TEST_HOST = "$(BUNDLE_LOADER)";
				WRAPPER_EXTENSION = xctest;
			};
			name = Release;
		};
/* End XCBuildConfiguration section */

/* Begin XCConfigurationList section */
		D2FC2F641875C8C900E23306 /* Build configuration list for PBXProject "EditableTableCells" */ = {
			isa = XCConfigurationList;
			buildConfigurations = (
				D2FC2F991875C8CA00E23306 /* Debug */,
				D2FC2F9A1875C8CA00E23306 /* Release */,
			);
			defaultConfigurationIsVisible = 0;
			defaultConfigurationName = Release;
		};
		D2FC2F9B1875C8CA00E23306 /* Build configuration list for PBXNativeTarget "EditableTableCells" */ = {
			isa = XCConfigurationList;
			buildConfigurations = (
				D2FC2F9C1875C8CA00E23306 /* Debug */,
				D2FC2F9D1875C8CA00E23306 /* Release */,
			);
			defaultConfigurationIsVisible = 0;
			defaultConfigurationName = Release;
		};
		D2FC2F9E1875C8CA00E23306 /* Build configuration list for PBXNativeTarget "EditableTableCellsTests" */ = {
			isa = XCConfigurationList;
			buildConfigurations = (
				D2FC2F9F1875C8CA00E23306 /* Debug */,
				D2FC2FA01875C8CA00E23306 /* Release */,
			);
			defaultConfigurationIsVisible = 0;
			defaultConfigurationName = Release;
		};
/* End XCConfigurationList section */
	};
	rootObject = D2FC2F611875C8C900E23306 /* Project object */;
}
